
Microsoft Visual Studio Solution File, Format Version 12.00
# Visual Studio Version 17
VisualStudioVersion = 17.0.31903.59
MinimumVisualStudioVersion = 10.0.40219.1
Project("{2150E333-8FDC-42A3-9474-1A3956D46DE8}") = "Source", "Source", "{B8EFCA5F-814F-285C-A8CB-F00F14650265}"
EndProject
Project("{FAE04EC0-301F-11D3-BF4B-00C04F79EFBC}") = "Unvault.App", "Source\App\Unvault.App.csproj", "{CEB33983-9E39-457B-A6F8-9C4632AAE524}"
EndProject
Project("{FAE04EC0-301F-11D3-BF4B-00C04F79EFBC}") = "Unvault.Core", "Source\Core\Unvault.Core.csproj", "{E6C6A47A-6737-4864-A2B7-9541C186BFD4}"
EndProject
Project("{FAE04EC0-301F-11D3-BF4B-00C04F79EFBC}") = "Unvault.CLI", "Source\CLI\Unvault.CLI.csproj", "{2440FB80-1F7C-40A1-95E1-8F317C2F0A01}"
EndProject
Project("{2150E333-8FDC-42A3-9474-1A3956D46DE8}") = "Tests", "Tests", "{0AB3BF05-4346-4AA6-1389-037BE0695223}"
EndProject
Project("{FAE04EC0-301F-11D3-BF4B-00C04F79EFBC}") = "Unvault.App.Tests", "Tests\App\Unvault.App.Tests.csproj", "{EE316BED-BC87-4921-BECA-E4AEC32FA4DD}"
EndProject
Project("{FAE04EC0-301F-11D3-BF4B-00C04F79EFBC}") = "Unvault.Core.Tests", "Tests\Core\Unvault.Core.Tests.csproj", "{62D9F215-218C-41BF-8064-125232460746}"
EndProject
Global
	GlobalSection(SolutionConfigurationPlatforms) = preSolution
		Debug|Any CPU = Debug|Any CPU
		Debug|x64 = Debug|x64
		Debug|x86 = Debug|x86
		Release|Any CPU = Release|Any CPU
		Release|x64 = Release|x64
		Release|x86 = Release|x86
	EndGlobalSection
	GlobalSection(ProjectConfigurationPlatforms) = postSolution
		{CEB33983-9E39-457B-A6F8-9C4632AAE524}.Debug|Any CPU.ActiveCfg = Debug|Any CPU
		{CEB33983-9E39-457B-A6F8-9C4632AAE524}.Debug|Any CPU.Build.0 = Debug|Any CPU
		{CEB33983-9E39-457B-A6F8-9C4632AAE524}.Debug|x64.ActiveCfg = Debug|Any CPU
		{CEB33983-9E39-457B-A6F8-9C4632AAE524}.Debug|x64.Build.0 = Debug|Any CPU
		{CEB33983-9E39-457B-A6F8-9C4632AAE524}.Debug|x86.ActiveCfg = Debug|Any CPU
		{CEB33983-9E39-457B-A6F8-9C4632AAE524}.Debug|x86.Build.0 = Debug|Any CPU
		{CEB33983-9E39-457B-A6F8-9C4632AAE524}.Release|Any CPU.ActiveCfg = Release|Any CPU
		{CEB33983-9E39-457B-A6F8-9C4632AAE524}.Release|Any CPU.Build.0 = Release|Any CPU
		{CEB33983-9E39-457B-A6F8-9C4632AAE524}.Release|x64.ActiveCfg = Release|Any CPU
		{CEB33983-9E39-457B-A6F8-9C4632AAE524}.Release|x64.Build.0 = Release|Any CPU
		{CEB33983-9E39-457B-A6F8-9C4632AAE524}.Release|x86.ActiveCfg = Release|Any CPU
		{CEB33983-9E39-457B-A6F8-9C4632AAE524}.Release|x86.Build.0 = Release|Any CPU
		{E6C6A47A-6737-4864-A2B7-9541C186BFD4}.Debug|Any CPU.ActiveCfg = Debug|Any CPU
		{E6C6A47A-6737-4864-A2B7-9541C186BFD4}.Debug|Any CPU.Build.0 = Debug|Any CPU
		{E6C6A47A-6737-4864-A2B7-9541C186BFD4}.Debug|x64.ActiveCfg = Debug|Any CPU
		{E6C6A47A-6737-4864-A2B7-9541C186BFD4}.Debug|x64.Build.0 = Debug|Any CPU
		{E6C6A47A-6737-4864-A2B7-9541C186BFD4}.Debug|x86.ActiveCfg = Debug|Any CPU
		{E6C6A47A-6737-4864-A2B7-9541C186BFD4}.Debug|x86.Build.0 = Debug|Any CPU
		{E6C6A47A-6737-4864-A2B7-9541C186BFD4}.Release|Any CPU.ActiveCfg = Release|Any CPU
		{E6C6A47A-6737-4864-A2B7-9541C186BFD4}.Release|Any CPU.Build.0 = Release|Any CPU
		{E6C6A47A-6737-4864-A2B7-9541C186BFD4}.Release|x64.ActiveCfg = Release|Any CPU
		{E6C6A47A-6737-4864-A2B7-9541C186BFD4}.Release|x64.Build.0 = Release|Any CPU
		{E6C6A47A-6737-4864-A2B7-9541C186BFD4}.Release|x86.ActiveCfg = Release|Any CPU
		{E6C6A47A-6737-4864-A2B7-9541C186BFD4}.Release|x86.Build.0 = Release|Any CPU
		{2440FB80-1F7C-40A1-95E1-8F317C2F0A01}.Debug|Any CPU.ActiveCfg = Debug|Any CPU
		{2440FB80-1F7C-40A1-95E1-8F317C2F0A01}.Debug|Any CPU.Build.0 = Debug|Any CPU
		{2440FB80-1F7C-40A1-95E1-8F317C2F0A01}.Debug|x64.ActiveCfg = Debug|Any CPU
		{2440FB80-1F7C-40A1-95E1-8F317C2F0A01}.Debug|x64.Build.0 = Debug|Any CPU
		{2440FB80-1F7C-40A1-95E1-8F317C2F0A01}.Debug|x86.ActiveCfg = Debug|Any CPU
		{2440FB80-1F7C-40A1-95E1-8F317C2F0A01}.Debug|x86.Build.0 = Debug|Any CPU
		{2440FB80-1F7C-40A1-95E1-8F317C2F0A01}.Release|Any CPU.ActiveCfg = Release|Any CPU
		{2440FB80-1F7C-40A1-95E1-8F317C2F0A01}.Release|Any CPU.Build.0 = Release|Any CPU
		{2440FB80-1F7C-40A1-95E1-8F317C2F0A01}.Release|x64.ActiveCfg = Release|Any CPU
		{2440FB80-1F7C-40A1-95E1-8F317C2F0A01}.Release|x64.Build.0 = Release|Any CPU
		{2440FB80-1F7C-40A1-95E1-8F317C2F0A01}.Release|x86.ActiveCfg = Release|Any CPU
		{2440FB80-1F7C-40A1-95E1-8F317C2F0A01}.Release|x86.Build.0 = Release|Any CPU
		{EE316BED-BC87-4921-BECA-E4AEC32FA4DD}.Debug|Any CPU.ActiveCfg = Debug|Any CPU
		{EE316BED-BC87-4921-BECA-E4AEC32FA4DD}.Debug|Any CPU.Build.0 = Debug|Any CPU
		{EE316BED-BC87-4921-BECA-E4AEC32FA4DD}.Debug|x64.ActiveCfg = Debug|Any CPU
		{EE316BED-BC87-4921-BECA-E4AEC32FA4DD}.Debug|x64.Build.0 = Debug|Any CPU
		{EE316BED-BC87-4921-BECA-E4AEC32FA4DD}.Debug|x86.ActiveCfg = Debug|Any CPU
		{EE316BED-BC87-4921-BECA-E4AEC32FA4DD}.Debug|x86.Build.0 = Debug|Any CPU
		{EE316BED-BC87-4921-BECA-E4AEC32FA4DD}.Release|Any CPU.ActiveCfg = Release|Any CPU
		{EE316BED-BC87-4921-BECA-E4AEC32FA4DD}.Release|Any CPU.Build.0 = Release|Any CPU
		{EE316BED-BC87-4921-BECA-E4AEC32FA4DD}.Release|x64.ActiveCfg = Release|Any CPU
		{EE316BED-BC87-4921-BECA-E4AEC32FA4DD}.Release|x64.Build.0 = Release|Any CPU
		{EE316BED-BC87-4921-BECA-E4AEC32FA4DD}.Release|x86.ActiveCfg = Release|Any CPU
		{EE316BED-BC87-4921-BECA-E4AEC32FA4DD}.Release|x86.Build.0 = Release|Any CPU
		{62D9F215-218C-41BF-8064-125232460746}.Debug|Any CPU.ActiveCfg = Debug|Any CPU
		{62D9F215-218C-41BF-8064-125232460746}.Debug|Any CPU.Build.0 = Debug|Any CPU
		{62D9F215-218C-41BF-8064-125232460746}.Debug|x64.ActiveCfg = Debug|Any CPU
		{62D9F215-218C-41BF-8064-125232460746}.Debug|x64.Build.0 = Debug|Any CPU
		{62D9F215-218C-41BF-8064-125232460746}.Debug|x86.ActiveCfg = Debug|Any CPU
		{62D9F215-218C-41BF-8064-125232460746}.Debug|x86.Build.0 = Debug|Any CPU
		{62D9F215-218C-41BF-8064-125232460746}.Release|Any CPU.ActiveCfg = Release|Any CPU
		{62D9F215-218C-41BF-8064-125232460746}.Release|Any CPU.Build.0 = Release|Any CPU
		{62D9F215-218C-41BF-8064-125232460746}.Release|x64.ActiveCfg = Release|Any CPU
		{62D9F215-218C-41BF-8064-125232460746}.Release|x64.Build.0 = Release|Any CPU
		{62D9F215-218C-41BF-8064-125232460746}.Release|x86.ActiveCfg = Release|Any CPU
		{62D9F215-218C-41BF-8064-125232460746}.Release|x86.Build.0 = Release|Any CPU
	EndGlobalSection
	GlobalSection(SolutionProperties) = preSolution
		HideSolutionNode = FALSE
	EndGlobalSection
	GlobalSection(NestedProjects) = preSolution
		{CEB33983-9E39-457B-A6F8-9C4632AAE524} = {B8EFCA5F-814F-285C-A8CB-F00F14650265}
		{E6C6A47A-6737-4864-A2B7-9541C186BFD4} = {B8EFCA5F-814F-285C-A8CB-F00F14650265}
		{2440FB80-1F7C-40A1-95E1-8F317C2F0A01} = {B8EFCA5F-814F-285C-A8CB-F00F14650265}
		{EE316BED-BC87-4921-BECA-E4AEC32FA4DD} = {0AB3BF05-4346-4AA6-1389-037BE0695223}
		{62D9F215-218C-41BF-8064-125232460746} = {0AB3BF05-4346-4AA6-1389-037BE0695223}
	EndGlobalSection
EndGlobal
